
Microsoft Visual Studio Solution File, Format Version 12.00
Project("{FAE04EC0-301F-11D3-BF4B-00C04F79EFBC}") = "GrundernaOOP", "GrundernaOOP.csproj", "{87D9AB42-D23E-4894-95C6-F805EC40305D}"
EndProject
Global
	GlobalSection(SolutionConfigurationPlatforms) = preSolution
		Debug|Any CPU = Debug|Any CPU
		Release|Any CPU = Release|Any CPU
	EndGlobalSection
	GlobalSection(ProjectConfigurationPlatforms) = postSolution
		{87D9AB42-D23E-4894-95C6-F805EC40305D}.Debug|Any CPU.ActiveCfg = Debug|Any CPU
		{87D9AB42-D23E-4894-95C6-F805EC40305D}.Debug|Any CPU.Build.0 = Debug|Any CPU
		{87D9AB42-D23E-4894-95C6-F805EC40305D}.Release|Any CPU.ActiveCfg = Release|Any CPU
		{87D9AB42-D23E-4894-95C6-F805EC40305D}.Release|Any CPU.Build.0 = Release|Any CPU
	EndGlobalSection
EndGlobal
